
Microsoft Visual Studio Solution File, Format Version 12.00
# Visual Studio Version 17
VisualStudioVersion = 17.9.34701.34
MinimumVisualStudioVersion = 10.0.40219.1
Project("{9A19103F-16F7-4668-BE54-9A1E7A4F7556}") = "MultiShop.Presentation", "MultiShop.Presentation\MultiShop.Presentation.csproj", "{D114A04B-A84C-4D2E-851F-BB9C6A22A24D}"
EndProject
Project("{9A19103F-16F7-4668-BE54-9A1E7A4F7556}") = "MultiShop.Core", "MultiShop.Core\MultiShop.Core.csproj", "{13A25A42-33B1-45F6-ABC0-3C58CB0D5523}"
EndProject
Project("{9A19103F-16F7-4668-BE54-9A1E7A4F7556}") = "MultiShop.Data", "MultiShop.Data\MultiShop.Data.csproj", "{BEAFE568-D8ED-4E29-BC23-E1F48F1D22FD}"
EndProject
Project("{9A19103F-16F7-4668-BE54-9A1E7A4F7556}") = "MultiShop.Business", "MultiShop.Business\MultiShop.Business.csproj", "{F4E680B3-A270-470D-88B3-65E1451AE05E}"
EndProject
Project("{9A19103F-16F7-4668-BE54-9A1E7A4F7556}") = "MultiShop.Repository", "MultiShop.Repository\MultiShop.Repository.csproj", "{A36208F3-6220-4A85-B386-D54E2A43C7F5}"
EndProject
Global
	GlobalSection(SolutionConfigurationPlatforms) = preSolution
		Debug|Any CPU = Debug|Any CPU
		Release|Any CPU = Release|Any CPU
	EndGlobalSection
	GlobalSection(ProjectConfigurationPlatforms) = postSolution
		{D114A04B-A84C-4D2E-851F-BB9C6A22A24D}.Debug|Any CPU.ActiveCfg = Debug|Any CPU
		{D114A04B-A84C-4D2E-851F-BB9C6A22A24D}.Debug|Any CPU.Build.0 = Debug|Any CPU
		{D114A04B-A84C-4D2E-851F-BB9C6A22A24D}.Release|Any CPU.ActiveCfg = Release|Any CPU
		{D114A04B-A84C-4D2E-851F-BB9C6A22A24D}.Release|Any CPU.Build.0 = Release|Any CPU
		{13A25A42-33B1-45F6-ABC0-3C58CB0D5523}.Debug|Any CPU.ActiveCfg = Debug|Any CPU
		{13A25A42-33B1-45F6-ABC0-3C58CB0D5523}.Debug|Any CPU.Build.0 = Debug|Any CPU
		{13A25A42-33B1-45F6-ABC0-3C58CB0D5523}.Release|Any CPU.ActiveCfg = Release|Any CPU
		{13A25A42-33B1-45F6-ABC0-3C58CB0D5523}.Release|Any CPU.Build.0 = Release|Any CPU
		{BEAFE568-D8ED-4E29-BC23-E1F48F1D22FD}.Debug|Any CPU.ActiveCfg = Debug|Any CPU
		{BEAFE568-D8ED-4E29-BC23-E1F48F1D22FD}.Debug|Any CPU.Build.0 = Debug|Any CPU
		{BEAFE568-D8ED-4E29-BC23-E1F48F1D22FD}.Release|Any CPU.ActiveCfg = Release|Any CPU
		{BEAFE568-D8ED-4E29-BC23-E1F48F1D22FD}.Release|Any CPU.Build.0 = Release|Any CPU
		{F4E680B3-A270-470D-88B3-65E1451AE05E}.Debug|Any CPU.ActiveCfg = Debug|Any CPU
		{F4E680B3-A270-470D-88B3-65E1451AE05E}.Debug|Any CPU.Build.0 = Debug|Any CPU
		{F4E680B3-A270-470D-88B3-65E1451AE05E}.Release|Any CPU.ActiveCfg = Release|Any CPU
		{F4E680B3-A270-470D-88B3-65E1451AE05E}.Release|Any CPU.Build.0 = Release|Any CPU
		{A36208F3-6220-4A85-B386-D54E2A43C7F5}.Debug|Any CPU.ActiveCfg = Debug|Any CPU
		{A36208F3-6220-4A85-B386-D54E2A43C7F5}.Debug|Any CPU.Build.0 = Debug|Any CPU
		{A36208F3-6220-4A85-B386-D54E2A43C7F5}.Release|Any CPU.ActiveCfg = Release|Any CPU
		{A36208F3-6220-4A85-B386-D54E2A43C7F5}.Release|Any CPU.Build.0 = Release|Any CPU
	EndGlobalSection
	GlobalSection(SolutionProperties) = preSolution
		HideSolutionNode = FALSE
	EndGlobalSection
	GlobalSection(ExtensibilityGlobals) = postSolution
		SolutionGuid = {C652F4C7-7B2A-4237-B0E6-48ECDC48CD6E}
	EndGlobalSection
EndGlobal
